// !$*UTF8*$!
{
	archiveVersion = 1;
	classes = {
	};
	objectVersion = 56;
	objects = {

/* Begin PBXBuildFile section */
		9454D0702A4E30970066F200 /* home_nav.swift in Sources */ = {isa = PBXBuildFile; fileRef = 9454D06F2A4E30970066F200 /* home_nav.swift */; };
		9454D08E2A4E8A5E0066F200 /* journal_nav.swift in Sources */ = {isa = PBXBuildFile; fileRef = 9454D08D2A4E8A5E0066F200 /* journal_nav.swift */; };
		9454D0922A4EDF610066F200 /* product_nav.swift in Sources */ = {isa = PBXBuildFile; fileRef = 9454D0912A4EDF610066F200 /* product_nav.swift */; };
		949CA7AD2A4F5D13006EE734 /* q2.swift in Sources */ = {isa = PBXBuildFile; fileRef = 949CA7AC2A4F5D12006EE734 /* q2.swift */; };
		AD1964A22A4F6F2E0030B119 /* q3.swift in Sources */ = {isa = PBXBuildFile; fileRef = AD1964A12A4F6F2E0030B119 /* q3.swift */; };
		CD326AD52A4B8D47008FBD1F /* Final_ProjectApp.swift in Sources */ = {isa = PBXBuildFile; fileRef = CD326AD42A4B8D47008FBD1F /* Final_ProjectApp.swift */; };
		CD326AD72A4B8D47008FBD1F /* ContentView.swift in Sources */ = {isa = PBXBuildFile; fileRef = CD326AD62A4B8D47008FBD1F /* ContentView.swift */; };
		CD326AD92A4B8D50008FBD1F /* Assets.xcassets in Resources */ = {isa = PBXBuildFile; fileRef = CD326AD82A4B8D50008FBD1F /* Assets.xcassets */; };
		CD326ADC2A4B8D50008FBD1F /* Preview Assets.xcassets in Resources */ = {isa = PBXBuildFile; fileRef = CD326ADB2A4B8D50008FBD1F /* Preview Assets.xcassets */; };
		CD326AE62A4B8D51008FBD1F /* Final_ProjectTests.swift in Sources */ = {isa = PBXBuildFile; fileRef = CD326AE52A4B8D51008FBD1F /* Final_ProjectTests.swift */; };
		CD326AF02A4B8D51008FBD1F /* Final_ProjectUITests.swift in Sources */ = {isa = PBXBuildFile; fileRef = CD326AEF2A4B8D51008FBD1F /* Final_ProjectUITests.swift */; };
		CD326AF22A4B8D51008FBD1F /* Final_ProjectUITestsLaunchTests.swift in Sources */ = {isa = PBXBuildFile; fileRef = CD326AF12A4B8D51008FBD1F /* Final_ProjectUITestsLaunchTests.swift */; };
		CD326B3D2A4E6BDC008FBD1F /* skinquiz_nav.swift in Sources */ = {isa = PBXBuildFile; fileRef = CD326B3C2A4E6BDC008FBD1F /* skinquiz_nav.swift */; };
		CD326B3F2A4E6D33008FBD1F /* reminder_nav.swift in Sources */ = {isa = PBXBuildFile; fileRef = CD326B3E2A4E6D33008FBD1F /* reminder_nav.swift */; };
/* End PBXBuildFile section */

/* Begin PBXContainerItemProxy section */
		CD326AE22A4B8D51008FBD1F /* PBXContainerItemProxy */ = {
			isa = PBXContainerItemProxy;
			containerPortal = CD326AC92A4B8D47008FBD1F /* Project object */;
			proxyType = 1;
			remoteGlobalIDString = CD326AD02A4B8D47008FBD1F;
			remoteInfo = "Final Project";
		};
		CD326AEC2A4B8D51008FBD1F /* PBXContainerItemProxy */ = {
			isa = PBXContainerItemProxy;
			containerPortal = CD326AC92A4B8D47008FBD1F /* Project object */;
			proxyType = 1;
			remoteGlobalIDString = CD326AD02A4B8D47008FBD1F;
			remoteInfo = "Final Project";
		};
/* End PBXContainerItemProxy section */

/* Begin PBXFileReference section */
		9454D06F2A4E30970066F200 /* home_nav.swift */ = {isa = PBXFileReference; lastKnownFileType = sourcecode.swift; path = home_nav.swift; sourceTree = "<group>"; };
		9454D08D2A4E8A5E0066F200 /* journal_nav.swift */ = {isa = PBXFileReference; lastKnownFileType = sourcecode.swift; path = journal_nav.swift; sourceTree = "<group>"; };
		9454D0912A4EDF610066F200 /* product_nav.swift */ = {isa = PBXFileReference; lastKnownFileType = sourcecode.swift; path = product_nav.swift; sourceTree = "<group>"; };
		949CA7AC2A4F5D12006EE734 /* q2.swift */ = {isa = PBXFileReference; lastKnownFileType = sourcecode.swift; path = q2.swift; sourceTree = "<group>"; };
		AD1964A12A4F6F2E0030B119 /* q3.swift */ = {isa = PBXFileReference; lastKnownFileType = sourcecode.swift; path = q3.swift; sourceTree = "<group>"; };
		CD326AD12A4B8D47008FBD1F /* Final Project.app */ = {isa = PBXFileReference; explicitFileType = wrapper.application; includeInIndex = 0; path = "Final Project.app"; sourceTree = BUILT_PRODUCTS_DIR; };
		CD326AD42A4B8D47008FBD1F /* Final_ProjectApp.swift */ = {isa = PBXFileReference; lastKnownFileType = sourcecode.swift; path = Final_ProjectApp.swift; sourceTree = "<group>"; };
		CD326AD62A4B8D47008FBD1F /* ContentView.swift */ = {isa = PBXFileReference; lastKnownFileType = sourcecode.swift; path = ContentView.swift; sourceTree = "<group>"; };
		CD326AD82A4B8D50008FBD1F /* Assets.xcassets */ = {isa = PBXFileReference; lastKnownFileType = folder.assetcatalog; path = Assets.xcassets; sourceTree = "<group>"; };
		CD326ADB2A4B8D50008FBD1F /* Preview Assets.xcassets */ = {isa = PBXFileReference; lastKnownFileType = folder.assetcatalog; path = "Preview Assets.xcassets"; sourceTree = "<group>"; };
		CD326AE12A4B8D51008FBD1F /* Final ProjectTests.xctest */ = {isa = PBXFileReference; explicitFileType = wrapper.cfbundle; includeInIndex = 0; path = "Final ProjectTests.xctest"; sourceTree = BUILT_PRODUCTS_DIR; };
		CD326AE52A4B8D51008FBD1F /* Final_ProjectTests.swift */ = {isa = PBXFileReference; lastKnownFileType = sourcecode.swift; path = Final_ProjectTests.swift; sourceTree = "<group>"; };
		CD326AEB2A4B8D51008FBD1F /* Final ProjectUITests.xctest */ = {isa = PBXFileReference; explicitFileType = wrapper.cfbundle; includeInIndex = 0; path = "Final ProjectUITests.xctest"; sourceTree = BUILT_PRODUCTS_DIR; };
		CD326AEF2A4B8D51008FBD1F /* Final_ProjectUITests.swift */ = {isa = PBXFileReference; lastKnownFileType = sourcecode.swift; path = Final_ProjectUITests.swift; sourceTree = "<group>"; };
		CD326AF12A4B8D51008FBD1F /* Final_ProjectUITestsLaunchTests.swift */ = {isa = PBXFileReference; lastKnownFileType = sourcecode.swift; path = Final_ProjectUITestsLaunchTests.swift; sourceTree = "<group>"; };
		CD326B3C2A4E6BDC008FBD1F /* skinquiz_nav.swift */ = {isa = PBXFileReference; lastKnownFileType = sourcecode.swift; path = skinquiz_nav.swift; sourceTree = "<group>"; };
		CD326B3E2A4E6D33008FBD1F /* reminder_nav.swift */ = {isa = PBXFileReference; lastKnownFileType = sourcecode.swift; path = reminder_nav.swift; sourceTree = "<group>"; };
/* End PBXFileReference section */

/* Begin PBXFrameworksBuildPhase section */
		CD326ACE2A4B8D47008FBD1F /* Frameworks */ = {
			isa = PBXFrameworksBuildPhase;
			buildActionMask = 2147483647;
			files = (
			);
			runOnlyForDeploymentPostprocessing = 0;
		};
		CD326ADE2A4B8D51008FBD1F /* Frameworks */ = {
			isa = PBXFrameworksBuildPhase;
			buildActionMask = 2147483647;
			files = (
			);
			runOnlyForDeploymentPostprocessing = 0;
		};
		CD326AE82A4B8D51008FBD1F /* Frameworks */ = {
			isa = PBXFrameworksBuildPhase;
			buildActionMask = 2147483647;
			files = (
			);
			runOnlyForDeploymentPostprocessing = 0;
		};
/* End PBXFrameworksBuildPhase section */

/* Begin PBXGroup section */
		CD326AC82A4B8D47008FBD1F = {
			isa = PBXGroup;
			children = (
				CD326AD32A4B8D47008FBD1F /* Final Project */,
				CD326AE42A4B8D51008FBD1F /* Final ProjectTests */,
				CD326AEE2A4B8D51008FBD1F /* Final ProjectUITests */,
				CD326AD22A4B8D47008FBD1F /* Products */,
			);
			sourceTree = "<group>";
		};
		CD326AD22A4B8D47008FBD1F /* Products */ = {
			isa = PBXGroup;
			children = (
				CD326AD12A4B8D47008FBD1F /* Final Project.app */,
				CD326AE12A4B8D51008FBD1F /* Final ProjectTests.xctest */,
				CD326AEB2A4B8D51008FBD1F /* Final ProjectUITests.xctest */,
			);
			name = Products;
			sourceTree = "<group>";
		};
		CD326AD32A4B8D47008FBD1F /* Final Project */ = {
			isa = PBXGroup;
			children = (
				CD326AD42A4B8D47008FBD1F /* Final_ProjectApp.swift */,
				CD326AD62A4B8D47008FBD1F /* ContentView.swift */,
				CD326B3E2A4E6D33008FBD1F /* reminder_nav.swift */,
				CD326B3C2A4E6BDC008FBD1F /* skinquiz_nav.swift */,
				949CA7AC2A4F5D12006EE734 /* q2.swift */,
				AD1964A12A4F6F2E0030B119 /* q3.swift */,
				CD326AD82A4B8D50008FBD1F /* Assets.xcassets */,
				CD326ADA2A4B8D50008FBD1F /* Preview Content */,
				9454D06F2A4E30970066F200 /* home_nav.swift */,
				9454D08D2A4E8A5E0066F200 /* journal_nav.swift */,
				9454D0912A4EDF610066F200 /* product_nav.swift */,
			);
			path = "Final Project";
			sourceTree = "<group>";
		};
		CD326ADA2A4B8D50008FBD1F /* Preview Content */ = {
			isa = PBXGroup;
			children = (
				CD326ADB2A4B8D50008FBD1F /* Preview Assets.xcassets */,
			);
			path = "Preview Content";
			sourceTree = "<group>";
		};
		CD326AE42A4B8D51008FBD1F /* Final ProjectTests */ = {
			isa = PBXGroup;
			children = (
				CD326AE52A4B8D51008FBD1F /* Final_ProjectTests.swift */,
			);
			path = "Final ProjectTests";
			sourceTree = "<group>";
		};
		CD326AEE2A4B8D51008FBD1F /* Final ProjectUITests */ = {
			isa = PBXGroup;
			children = (
				CD326AEF2A4B8D51008FBD1F /* Final_ProjectUITests.swift */,
				CD326AF12A4B8D51008FBD1F /* Final_ProjectUITestsLaunchTests.swift */,
			);
			path = "Final ProjectUITests";
			sourceTree = "<group>";
		};
/* End PBXGroup section */

/* Begin PBXNativeTarget section */
		CD326AD02A4B8D47008FBD1F /* Final Project */ = {
			isa = PBXNativeTarget;
			buildConfigurationList = CD326AF52A4B8D51008FBD1F /* Build configuration list for PBXNativeTarget "Final Project" */;
			buildPhases = (
				CD326ACD2A4B8D47008FBD1F /* Sources */,
				CD326ACE2A4B8D47008FBD1F /* Frameworks */,
				CD326ACF2A4B8D47008FBD1F /* Resources */,
			);
			buildRules = (
			);
			dependencies = (
			);
			name = "Final Project";
			productName = "Final Project";
			productReference = CD326AD12A4B8D47008FBD1F /* Final Project.app */;
			productType = "com.apple.product-type.application";
		};
		CD326AE02A4B8D51008FBD1F /* Final ProjectTests */ = {
			isa = PBXNativeTarget;
			buildConfigurationList = CD326AF82A4B8D51008FBD1F /* Build configuration list for PBXNativeTarget "Final ProjectTests" */;
			buildPhases = (
				CD326ADD2A4B8D51008FBD1F /* Sources */,
				CD326ADE2A4B8D51008FBD1F /* Frameworks */,
				CD326ADF2A4B8D51008FBD1F /* Resources */,
			);
			buildRules = (
			);
			dependencies = (
				CD326AE32A4B8D51008FBD1F /* PBXTargetDependency */,
			);
			name = "Final ProjectTests";
			productName = "Final ProjectTests";
			productReference = CD326AE12A4B8D51008FBD1F /* Final ProjectTests.xctest */;
			productType = "com.apple.product-type.bundle.unit-test";
		};
		CD326AEA2A4B8D51008FBD1F /* Final ProjectUITests */ = {
			isa = PBXNativeTarget;
			buildConfigurationList = CD326AFB2A4B8D51008FBD1F /* Build configuration list for PBXNativeTarget "Final ProjectUITests" */;
			buildPhases = (
				CD326AE72A4B8D51008FBD1F /* Sources */,
				CD326AE82A4B8D51008FBD1F /* Frameworks */,
				CD326AE92A4B8D51008FBD1F /* Resources */,
			);
			buildRules = (
			);
			dependencies = (
				CD326AED2A4B8D51008FBD1F /* PBXTargetDependency */,
			);
			name = "Final ProjectUITests";
			productName = "Final ProjectUITests";
			productReference = CD326AEB2A4B8D51008FBD1F /* Final ProjectUITests.xctest */;
			productType = "com.apple.product-type.bundle.ui-testing";
		};
/* End PBXNativeTarget section */

/* Begin PBXProject section */
		CD326AC92A4B8D47008FBD1F /* Project object */ = {
			isa = PBXProject;
			attributes = {
				BuildIndependentTargetsInParallel = 1;
				LastSwiftUpdateCheck = 1430;
				LastUpgradeCheck = 1430;
				TargetAttributes = {
					CD326AD02A4B8D47008FBD1F = {
						CreatedOnToolsVersion = 14.3.1;
					};
					CD326AE02A4B8D51008FBD1F = {
						CreatedOnToolsVersion = 14.3.1;
						TestTargetID = CD326AD02A4B8D47008FBD1F;
					};
					CD326AEA2A4B8D51008FBD1F = {
						CreatedOnToolsVersion = 14.3.1;
						TestTargetID = CD326AD02A4B8D47008FBD1F;
					};
				};
			};
			buildConfigurationList = CD326ACC2A4B8D47008FBD1F /* Build configuration list for PBXProject "Final Project" */;
			compatibilityVersion = "Xcode 14.0";
			developmentRegion = en;
			hasScannedForEncodings = 0;
			knownRegions = (
				en,
				Base,
			);
			mainGroup = CD326AC82A4B8D47008FBD1F;
			productRefGroup = CD326AD22A4B8D47008FBD1F /* Products */;
			projectDirPath = "";
			projectRoot = "";
			targets = (
				CD326AD02A4B8D47008FBD1F /* Final Project */,
				CD326AE02A4B8D51008FBD1F /* Final ProjectTests */,
				CD326AEA2A4B8D51008FBD1F /* Final ProjectUITests */,
			);
		};
/* End PBXProject section */

/* Begin PBXResourcesBuildPhase section */
		CD326ACF2A4B8D47008FBD1F /* Resources */ = {
			isa = PBXResourcesBuildPhase;
			buildActionMask = 2147483647;
			files = (
				CD326ADC2A4B8D50008FBD1F /* Preview Assets.xcassets in Resources */,
				CD326AD92A4B8D50008FBD1F /* Assets.xcassets in Resources */,
			);
			runOnlyForDeploymentPostprocessing = 0;
		};
		CD326ADF2A4B8D51008FBD1F /* Resources */ = {
			isa = PBXResourcesBuildPhase;
			buildActionMask = 2147483647;
			files = (
			);
			runOnlyForDeploymentPostprocessing = 0;
		};
		CD326AE92A4B8D51008FBD1F /* Resources */ = {
			isa = PBXResourcesBuildPhase;
			buildActionMask = 2147483647;
			files = (
			);
			runOnlyForDeploymentPostprocessing = 0;
		};
/* End PBXResourcesBuildPhase section */

/* Begin PBXSourcesBuildPhase section */
		CD326ACD2A4B8D47008FBD1F /* Sources */ = {
			isa = PBXSourcesBuildPhase;
			buildActionMask = 2147483647;
			files = (
				9454D0702A4E30970066F200 /* home_nav.swift in Sources */,
				CD326AD72A4B8D47008FBD1F /* ContentView.swift in Sources */,
				CD326AD52A4B8D47008FBD1F /* Final_ProjectApp.swift in Sources */,
				9454D08E2A4E8A5E0066F200 /* journal_nav.swift in Sources */,
				AD1964A22A4F6F2E0030B119 /* q3.swift in Sources */,
				9454D0922A4EDF610066F200 /* product_nav.swift in Sources */,
				CD326B3D2A4E6BDC008FBD1F /* skinquiz_nav.swift in Sources */,
				949CA7AD2A4F5D13006EE734 /* q2.swift in Sources */,
				CD326B3F2A4E6D33008FBD1F /* reminder_nav.swift in Sources */,
			);
			runOnlyForDeploymentPostprocessing = 0;
		};
		CD326ADD2A4B8D51008FBD1F /* Sources */ = {
			isa = PBXSourcesBuildPhase;
			buildActionMask = 2147483647;
			files = (
				CD326AE62A4B8D51008FBD1F /* Final_ProjectTests.swift in Sources */,
			);
			runOnlyForDeploymentPostprocessing = 0;
		};
		CD326AE72A4B8D51008FBD1F /* Sources */ = {
			isa = PBXSourcesBuildPhase;
			buildActionMask = 2147483647;
			files = (
				CD326AF02A4B8D51008FBD1F /* Final_ProjectUITests.swift in Sources */,
				CD326AF22A4B8D51008FBD1F /* Final_ProjectUITestsLaunchTests.swift in Sources */,
			);
			runOnlyForDeploymentPostprocessing = 0;
		};
/* End PBXSourcesBuildPhase section */

/* Begin PBXTargetDependency section */
		CD326AE32A4B8D51008FBD1F /* PBXTargetDependency */ = {
			isa = PBXTargetDependency;
			target = CD326AD02A4B8D47008FBD1F /* Final Project */;
			targetProxy = CD326AE22A4B8D51008FBD1F /* PBXContainerItemProxy */;
		};
		CD326AED2A4B8D51008FBD1F /* PBXTargetDependency */ = {
			isa = PBXTargetDependency;
			target = CD326AD02A4B8D47008FBD1F /* Final Project */;
			targetProxy = CD326AEC2A4B8D51008FBD1F /* PBXContainerItemProxy */;
		};
/* End PBXTargetDependency section */

/* Begin XCBuildConfiguration section */
		CD326AF32A4B8D51008FBD1F /* Debug */ = {
			isa = XCBuildConfiguration;
			buildSettings = {
				ALWAYS_SEARCH_USER_PATHS = NO;
				CLANG_ANALYZER_NONNULL = YES;
				CLANG_ANALYZER_NUMBER_OBJECT_CONVERSION = YES_AGGRESSIVE;
				CLANG_CXX_LANGUAGE_STANDARD = "gnu++20";
				CLANG_ENABLE_MODULES = YES;
				CLANG_ENABLE_OBJC_ARC = YES;
				CLANG_ENABLE_OBJC_WEAK = YES;
				CLANG_WARN_BLOCK_CAPTURE_AUTORELEASING = YES;
				CLANG_WARN_BOOL_CONVERSION = YES;
				CLANG_WARN_COMMA = YES;
				CLANG_WARN_CONSTANT_CONVERSION = YES;
				CLANG_WARN_DEPRECATED_OBJC_IMPLEMENTATIONS = YES;
				CLANG_WARN_DIRECT_OBJC_ISA_USAGE = YES_ERROR;
				CLANG_WARN_DOCUMENTATION_COMMENTS = YES;
				CLANG_WARN_EMPTY_BODY = YES;
				CLANG_WARN_ENUM_CONVERSION = YES;
				CLANG_WARN_INFINITE_RECURSION = YES;
				CLANG_WARN_INT_CONVERSION = YES;
				CLANG_WARN_NON_LITERAL_NULL_CONVERSION = YES;
				CLANG_WARN_OBJC_IMPLICIT_RETAIN_SELF = YES;
				CLANG_WARN_OBJC_LITERAL_CONVERSION = YES;
				CLANG_WARN_OBJC_ROOT_CLASS = YES_ERROR;
				CLANG_WARN_QUOTED_INCLUDE_IN_FRAMEWORK_HEADER = YES;
				CLANG_WARN_RANGE_LOOP_ANALYSIS = YES;
				CLANG_WARN_STRICT_PROTOTYPES = YES;
				CLANG_WARN_SUSPICIOUS_MOVE = YES;
				CLANG_WARN_UNGUARDED_AVAILABILITY = YES_AGGRESSIVE;
				CLANG_WARN_UNREACHABLE_CODE = YES;
				CLANG_WARN__DUPLICATE_METHOD_MATCH = YES;
				COPY_PHASE_STRIP = NO;
				DEBUG_INFORMATION_FORMAT = dwarf;
				ENABLE_STRICT_OBJC_MSGSEND = YES;
				ENABLE_TESTABILITY = YES;
				GCC_C_LANGUAGE_STANDARD = gnu11;
				GCC_DYNAMIC_NO_PIC = NO;
				GCC_NO_COMMON_BLOCKS = YES;
				GCC_OPTIMIZATION_LEVEL = 0;
				GCC_PREPROCESSOR_DEFINITIONS = (
					"DEBUG=1",
					"$(inherited)",
				);
				GCC_WARN_64_TO_32_BIT_CONVERSION = YES;
				GCC_WARN_ABOUT_RETURN_TYPE = YES_ERROR;
				GCC_WARN_UNDECLARED_SELECTOR = YES;
				GCC_WARN_UNINITIALIZED_AUTOS = YES_AGGRESSIVE;
				GCC_WARN_UNUSED_FUNCTION = YES;
				GCC_WARN_UNUSED_VARIABLE = YES;
				IPHONEOS_DEPLOYMENT_TARGET = 16.4;
				MTL_ENABLE_DEBUG_INFO = INCLUDE_SOURCE;
				MTL_FAST_MATH = YES;
				ONLY_ACTIVE_ARCH = YES;
				SDKROOT = iphoneos;
				SWIFT_ACTIVE_COMPILATION_CONDITIONS = DEBUG;
				SWIFT_OPTIMIZATION_LEVEL = "-Onone";
			};
			name = Debug;
		};
		CD326AF42A4B8D51008FBD1F /* Release */ = {
			isa = XCBuildConfiguration;
			buildSettings = {
				ALWAYS_SEARCH_USER_PATHS = NO;
				CLANG_ANALYZER_NONNULL = YES;
				CLANG_ANALYZER_NUMBER_OBJECT_CONVERSION = YES_AGGRESSIVE;
				CLANG_CXX_LANGUAGE_STANDARD = "gnu++20";
				CLANG_ENABLE_MODULES = YES;
				CLANG_ENABLE_OBJC_ARC = YES;
				CLANG_ENABLE_OBJC_WEAK = YES;
				CLANG_WARN_BLOCK_CAPTURE_AUTORELEASING = YES;
				CLANG_WARN_BOOL_CONVERSION = YES;
				CLANG_WARN_COMMA = YES;
				CLANG_WARN_CONSTANT_CONVERSION = YES;
				CLANG_WARN_DEPRECATED_OBJC_IMPLEMENTATIONS = YES;
				CLANG_WARN_DIRECT_OBJC_ISA_USAGE = YES_ERROR;
				CLANG_WARN_DOCUMENTATION_COMMENTS = YES;
				CLANG_WARN_EMPTY_BODY = YES;
				CLANG_WARN_ENUM_CONVERSION = YES;
				CLANG_WARN_INFINITE_RECURSION = YES;
				CLANG_WARN_INT_CONVERSION = YES;
				CLANG_WARN_NON_LITERAL_NULL_CONVERSION = YES;
				CLANG_WARN_OBJC_IMPLICIT_RETAIN_SELF = YES;
				CLANG_WARN_OBJC_LITERAL_CONVERSION = YES;
				CLANG_WARN_OBJC_ROOT_CLASS = YES_ERROR;
				CLANG_WARN_QUOTED_INCLUDE_IN_FRAMEWORK_HEADER = YES;
				CLANG_WARN_RANGE_LOOP_ANALYSIS = YES;
				CLANG_WARN_STRICT_PROTOTYPES = YES;
				CLANG_WARN_SUSPICIOUS_MOVE = YES;
				CLANG_WARN_UNGUARDED_AVAILABILITY = YES_AGGRESSIVE;
				CLANG_WARN_UNREACHABLE_CODE = YES;
				CLANG_WARN__DUPLICATE_METHOD_MATCH = YES;
				COPY_PHASE_STRIP = NO;
				DEBUG_INFORMATION_FORMAT = "dwarf-with-dsym";
				ENABLE_NS_ASSERTIONS = NO;
				ENABLE_STRICT_OBJC_MSGSEND = YES;
				GCC_C_LANGUAGE_STANDARD = gnu11;
				GCC_NO_COMMON_BLOCKS = YES;
				GCC_WARN_64_TO_32_BIT_CONVERSION = YES;
				GCC_WARN_ABOUT_RETURN_TYPE = YES_ERROR;
				GCC_WARN_UNDECLARED_SELECTOR = YES;
				GCC_WARN_UNINITIALIZED_AUTOS = YES_AGGRESSIVE;
				GCC_WARN_UNUSED_FUNCTION = YES;
				GCC_WARN_UNUSED_VARIABLE = YES;
				IPHONEOS_DEPLOYMENT_TARGET = 16.4;
				MTL_ENABLE_DEBUG_INFO = NO;
				MTL_FAST_MATH = YES;
				SDKROOT = iphoneos;
				SWIFT_COMPILATION_MODE = wholemodule;
				SWIFT_OPTIMIZATION_LEVEL = "-O";
				VALIDATE_PRODUCT = YES;
			};
			name = Release;
		};
		CD326AF62A4B8D51008FBD1F /* Debug */ = {
			isa = XCBuildConfiguration;
			buildSettings = {
				ASSETCATALOG_COMPILER_APPICON_NAME = AppIcon;
				ASSETCATALOG_COMPILER_GLOBAL_ACCENT_COLOR_NAME = AccentColor;
				CODE_SIGN_STYLE = Automatic;
				CURRENT_PROJECT_VERSION = 1;
				DEVELOPMENT_ASSET_PATHS = "\"Final Project/Preview Content\"";
				DEVELOPMENT_TEAM = QZCRJ8UY67;
				ENABLE_PREVIEWS = YES;
				GENERATE_INFOPLIST_FILE = YES;
				INFOPLIST_KEY_UIApplicationSceneManifest_Generation = YES;
				INFOPLIST_KEY_UIApplicationSupportsIndirectInputEvents = YES;
				INFOPLIST_KEY_UILaunchScreen_Generation = YES;
				INFOPLIST_KEY_UISupportedInterfaceOrientations_iPad = "UIInterfaceOrientationPortrait UIInterfaceOrientationPortraitUpsideDown UIInterfaceOrientationLandscapeLeft UIInterfaceOrientationLandscapeRight";
				INFOPLIST_KEY_UISupportedInterfaceOrientations_iPhone = "UIInterfaceOrientationPortrait UIInterfaceOrientationLandscapeLeft UIInterfaceOrientationLandscapeRight";
				LD_RUNPATH_SEARCH_PATHS = (
					"$(inherited)",
					"@executable_path/Frameworks",
				);
				MARKETING_VERSION = 1.0;
				PRODUCT_BUNDLE_IDENTIFIER = "KWK.Final-Project";
				PRODUCT_NAME = "$(TARGET_NAME)";
				SWIFT_EMIT_LOC_STRINGS = YES;
				SWIFT_VERSION = 5.0;
				TARGETED_DEVICE_FAMILY = "1,2";
			};
			name = Debug;
		};
		CD326AF72A4B8D51008FBD1F /* Release */ = {
			isa = XCBuildConfiguration;
			buildSettings = {
				ASSETCATALOG_COMPILER_APPICON_NAME = AppIcon;
				ASSETCATALOG_COMPILER_GLOBAL_ACCENT_COLOR_NAME = AccentColor;
				CODE_SIGN_STYLE = Automatic;
				CURRENT_PROJECT_VERSION = 1;
				DEVELOPMENT_ASSET_PATHS = "\"Final Project/Preview Content\"";
				DEVELOPMENT_TEAM = QZCRJ8UY67;
				ENABLE_PREVIEWS = YES;
				GENERATE_INFOPLIST_FILE = YES;
				INFOPLIST_KEY_UIApplicationSceneManifest_Generation = YES;
				INFOPLIST_KEY_UIApplicationSupportsIndirectInputEvents = YES;
				INFOPLIST_KEY_UILaunchScreen_Generation = YES;
				INFOPLIST_KEY_UISupportedInterfaceOrientations_iPad = "UIInterfaceOrientationPortrait UIInterfaceOrientationPortraitUpsideDown UIInterfaceOrientationLandscapeLeft UIInterfaceOrientationLandscapeRight";
				INFOPLIST_KEY_UISupportedInterfaceOrientations_iPhone = "UIInterfaceOrientationPortrait UIInterfaceOrientationLandscapeLeft UIInterfaceOrientationLandscapeRight";
				LD_RUNPATH_SEARCH_PATHS = (
					"$(inherited)",
					"@executable_path/Frameworks",
				);
				MARKETING_VERSION = 1.0;
				PRODUCT_BUNDLE_IDENTIFIER = "KWK.Final-Project";
				PRODUCT_NAME = "$(TARGET_NAME)";
				SWIFT_EMIT_LOC_STRINGS = YES;
				SWIFT_VERSION = 5.0;
				TARGETED_DEVICE_FAMILY = "1,2";
			};
			name = Release;
		};
		CD326AF92A4B8D51008FBD1F /* Debug */ = {
			isa = XCBuildConfiguration;
			buildSettings = {
				ALWAYS_EMBED_SWIFT_STANDARD_LIBRARIES = YES;
				BUNDLE_LOADER = "$(TEST_HOST)";
				CODE_SIGN_STYLE = Automatic;
				CURRENT_PROJECT_VERSION = 1;
				DEVELOPMENT_TEAM = QZCRJ8UY67;
				GENERATE_INFOPLIST_FILE = YES;
				IPHONEOS_DEPLOYMENT_TARGET = 16.4;
				MARKETING_VERSION = 1.0;
				PRODUCT_BUNDLE_IDENTIFIER = "KWK.Final-ProjectTests";
				PRODUCT_NAME = "$(TARGET_NAME)";
				SWIFT_EMIT_LOC_STRINGS = NO;
				SWIFT_VERSION = 5.0;
				TARGETED_DEVICE_FAMILY = "1,2";
				TEST_HOST = "$(BUILT_PRODUCTS_DIR)/Final Project.app/$(BUNDLE_EXECUTABLE_FOLDER_PATH)/Final Project";
			};
			name = Debug;
		};
		CD326AFA2A4B8D51008FBD1F /* Release */ = {
			isa = XCBuildConfiguration;
			buildSettings = {
				ALWAYS_EMBED_SWIFT_STANDARD_LIBRARIES = YES;
				BUNDLE_LOADER = "$(TEST_HOST)";
				CODE_SIGN_STYLE = Automatic;
				CURRENT_PROJECT_VERSION = 1;
				DEVELOPMENT_TEAM = QZCRJ8UY67;
				GENERATE_INFOPLIST_FILE = YES;
				IPHONEOS_DEPLOYMENT_TARGET = 16.4;
				MARKETING_VERSION = 1.0;
				PRODUCT_BUNDLE_IDENTIFIER = "KWK.Final-ProjectTests";
				PRODUCT_NAME = "$(TARGET_NAME)";
				SWIFT_EMIT_LOC_STRINGS = NO;
				SWIFT_VERSION = 5.0;
				TARGETED_DEVICE_FAMILY = "1,2";
				TEST_HOST = "$(BUILT_PRODUCTS_DIR)/Final Project.app/$(BUNDLE_EXECUTABLE_FOLDER_PATH)/Final Project";
			};
			name = Release;
		};
		CD326AFC2A4B8D51008FBD1F /* Debug */ = {
			isa = XCBuildConfiguration;
			buildSettings = {
				ALWAYS_EMBED_SWIFT_STANDARD_LIBRARIES = YES;
				CODE_SIGN_STYLE = Automatic;
				CURRENT_PROJECT_VERSION = 1;
				DEVELOPMENT_TEAM = QZCRJ8UY67;
				GENERATE_INFOPLIST_FILE = YES;
				MARKETING_VERSION = 1.0;
				PRODUCT_BUNDLE_IDENTIFIER = "KWK.Final-ProjectUITests";
				PRODUCT_NAME = "$(TARGET_NAME)";
				SWIFT_EMIT_LOC_STRINGS = NO;
				SWIFT_VERSION = 5.0;
				TARGETED_DEVICE_FAMILY = "1,2";
				TEST_TARGET_NAME = "Final Project";
			};
			name = Debug;
		};
		CD326AFD2A4B8D51008FBD1F /* Release */ = {
			isa = XCBuildConfiguration;
			buildSettings = {
				ALWAYS_EMBED_SWIFT_STANDARD_LIBRARIES = YES;
				CODE_SIGN_STYLE = Automatic;
				CURRENT_PROJECT_VERSION = 1;
				DEVELOPMENT_TEAM = QZCRJ8UY67;
				GENERATE_INFOPLIST_FILE = YES;
				MARKETING_VERSION = 1.0;
				PRODUCT_BUNDLE_IDENTIFIER = "KWK.Final-ProjectUITests";
				PRODUCT_NAME = "$(TARGET_NAME)";
				SWIFT_EMIT_LOC_STRINGS = NO;
				SWIFT_VERSION = 5.0;
				TARGETED_DEVICE_FAMILY = "1,2";
				TEST_TARGET_NAME = "Final Project";
			};
			name = Release;
		};
/* End XCBuildConfiguration section */

/* Begin XCConfigurationList section */
		CD326ACC2A4B8D47008FBD1F /* Build configuration list for PBXProject "Final Project" */ = {
			isa = XCConfigurationList;
			buildConfigurations = (
				CD326AF32A4B8D51008FBD1F /* Debug */,
				CD326AF42A4B8D51008FBD1F /* Release */,
			);
			defaultConfigurationIsVisible = 0;
			defaultConfigurationName = Release;
		};
		CD326AF52A4B8D51008FBD1F /* Build configuration list for PBXNativeTarget "Final Project" */ = {
			isa = XCConfigurationList;
			buildConfigurations = (
				CD326AF62A4B8D51008FBD1F /* Debug */,
				CD326AF72A4B8D51008FBD1F /* Release */,
			);
			defaultConfigurationIsVisible = 0;
			defaultConfigurationName = Release;
		};
		CD326AF82A4B8D51008FBD1F /* Build configuration list for PBXNativeTarget "Final ProjectTests" */ = {
			isa = XCConfigurationList;
			buildConfigurations = (
				CD326AF92A4B8D51008FBD1F /* Debug */,
				CD326AFA2A4B8D51008FBD1F /* Release */,
			);
			defaultConfigurationIsVisible = 0;
			defaultConfigurationName = Release;
		};
		CD326AFB2A4B8D51008FBD1F /* Build configuration list for PBXNativeTarget "Final ProjectUITests" */ = {
			isa = XCConfigurationList;
			buildConfigurations = (
				CD326AFC2A4B8D51008FBD1F /* Debug */,
				CD326AFD2A4B8D51008FBD1F /* Release */,
			);
			defaultConfigurationIsVisible = 0;
			defaultConfigurationName = Release;
		};
/* End XCConfigurationList section */
	};
	rootObject = CD326AC92A4B8D47008FBD1F /* Project object */;
}
